{
  "projects": [
    {
      "projectId": "gmeH6XgPaBtkt51HunAo4g",
      "version": "18.12.0",
      "dependencies": {},
      "lang": "js",
      "fileLocks": [
        {
          "assetId": "gmeH6XgPaBtkt51HunAo4g",
          "type": "projectCss",
          "checksum": "1c02168c6b23256606111fdfdbb63549"
        }
      ],
      "codegenVersion": "0.0.1"
    },
    {
      "projectId": "3bppekKz3g8uzqqJ2xtrKs",
      "version": "latest",
      "dependencies": {
        "gmeH6XgPaBtkt51HunAo4g": "18.12.0"
      },
      "lang": "js",
      "fileLocks": [
        {
          "type": "globalVariant",
          "assetId": "77ZXPqql0x83",
          "checksum": "a3b1ceca7bebc9ab137c1b594d33a83c"
        },
        {
          "type": "renderModule",
          "assetId": "Vyb73XrU6icz",
          "checksum": "9985d7b88d250fd76a6e536ca149296e"
        },
        {
          "type": "cssRules",
          "assetId": "Vyb73XrU6icz",
          "checksum": "9985d7b88d250fd76a6e536ca149296e"
        },
        {
          "type": "renderModule",
          "assetId": "P-EelmpEqk3r",
          "checksum": "31d7c69aa24c8babd59ab1f81eb2bc15"
        },
        {
          "type": "cssRules",
          "assetId": "P-EelmpEqk3r",
          "checksum": "31d7c69aa24c8babd59ab1f81eb2bc15"
        },
        {
          "type": "renderModule",
          "assetId": "TOPTvoruoC_N",
          "checksum": "5926556080181837ca262ee89ffdf8a0"
        },
        {
          "type": "cssRules",
          "assetId": "TOPTvoruoC_N",
          "checksum": "5926556080181837ca262ee89ffdf8a0"
        },
        {
          "type": "renderModule",
          "assetId": "sEKOF65NZ-2M",
          "checksum": "bda4b509be9e7d0411f230580877cc46"
        },
        {
          "type": "cssRules",
          "assetId": "sEKOF65NZ-2M",
          "checksum": "bda4b509be9e7d0411f230580877cc46"
        },
        {
          "type": "renderModule",
          "assetId": "zAfM9xUtE6Fq",
          "checksum": "5bd48c526a80ca816ab6726c1d10dbb2"
        },
        {
          "type": "cssRules",
          "assetId": "zAfM9xUtE6Fq",
          "checksum": "5bd48c526a80ca816ab6726c1d10dbb2"
        },
        {
          "type": "renderModule",
          "assetId": "KksdIgymojJl",
          "checksum": "7710bd8d121b6a6fb5e4bda63aa06337"
        },
        {
          "type": "cssRules",
          "assetId": "KksdIgymojJl",
          "checksum": "7710bd8d121b6a6fb5e4bda63aa06337"
        },
        {
          "type": "renderModule",
          "assetId": "MNk5FtRLcxWO",
          "checksum": "e989682b911893c1d4e9153cdda5cae9"
        },
        {
          "type": "cssRules",
          "assetId": "MNk5FtRLcxWO",
          "checksum": "e989682b911893c1d4e9153cdda5cae9"
        },
        {
          "type": "renderModule",
          "assetId": "s6_2npu9--pi",
          "checksum": "f1c7ef3d3ace07daa027ca6152d076b3"
        },
        {
          "type": "cssRules",
          "assetId": "s6_2npu9--pi",
          "checksum": "f1c7ef3d3ace07daa027ca6152d076b3"
        },
        {
          "type": "renderModule",
          "assetId": "SaEyrp6ofYwV",
          "checksum": "81a1d3e07468931da8fa1318efa840d8"
        },
        {
          "type": "cssRules",
          "assetId": "SaEyrp6ofYwV",
          "checksum": "81a1d3e07468931da8fa1318efa840d8"
        },
        {
          "type": "renderModule",
          "assetId": "-bR8ejSXrj43",
          "checksum": "b746b3d63a214bacd72a829d53f97488"
        },
        {
          "type": "cssRules",
          "assetId": "-bR8ejSXrj43",
          "checksum": "b746b3d63a214bacd72a829d53f97488"
        },
        {
          "type": "renderModule",
          "assetId": "Gr80x89jLm9d",
          "checksum": "7266b5fcbf883f7d390c95be7c754a31"
        },
        {
          "type": "cssRules",
          "assetId": "Gr80x89jLm9d",
          "checksum": "7266b5fcbf883f7d390c95be7c754a31"
        },
        {
          "type": "icon",
          "assetId": "fcQmAAwsWE7A",
          "checksum": "63221a7d0e4e8ba137d8af97e87e6ec0"
        },
        {
          "type": "icon",
          "assetId": "MgVsdu2_XKzo",
          "checksum": "8b1ba1a5baf73a55e67af005e4eda01b"
        },
        {
          "type": "icon",
          "assetId": "e5K6og6XbZ2T",
          "checksum": "58e1dd854a6253cc8c92a9da02297f71"
        },
        {
          "type": "icon",
          "assetId": "U6ep6q672G9D",
          "checksum": "68856d6b331b4ee1960da4b4d2ebcedc"
        },
        {
          "type": "icon",
          "assetId": "ilwfeUlLu4_A",
          "checksum": "5921f54c7c02e0dc9ac869e2cdb81813"
        },
        {
          "type": "icon",
          "assetId": "MkJWdnH7oQiz",
          "checksum": "a09ea7d9dc129a2757afd630159fc4a9"
        },
        {
          "type": "icon",
          "assetId": "egEQmxX4X-Bk",
          "checksum": "2e6657deff44f9f7467c222ac6ea025a"
        },
        {
          "type": "icon",
          "assetId": "tHDTy6U67IpU",
          "checksum": "e5eee3c45c12a2bcd15484f371db7890"
        },
        {
          "type": "icon",
          "assetId": "kqDtUIHvsT94",
          "checksum": "4f8da66dd98ee535f913c4c7a1713c39"
        },
        {
          "type": "icon",
          "assetId": "mI-J_NrqPO8m",
          "checksum": "3d1634caaa39bbe291698bbd8a288a0d"
        },
        {
          "type": "icon",
          "assetId": "p3GoI7HJhVJ1",
          "checksum": "ddd6f3fe4eb754012c1b311cf2608b5c"
        },
        {
          "type": "image",
          "assetId": "Hfde7D1U_s8a",
          "checksum": "ffc50b88efb4908a1cb44f6a8688e8ea"
        },
        {
          "type": "image",
          "assetId": "zbHJpmlW8rtJ",
          "checksum": "b4bcf71f5cfd04a690306b1eee3de5c7"
        },
        {
          "type": "image",
          "assetId": "NY-bTDsTrFkA",
          "checksum": "807fd26e5ab63f1a82bc9c87e3c48188"
        },
        {
          "type": "image",
          "assetId": "52OOtxNQC1m7",
          "checksum": "f6f830f0c80cbcefb5bf133e1fbdacb4"
        },
        {
          "type": "image",
          "assetId": "CUY3IAVd7kC1",
          "checksum": "3f202faa01a463eb1b6674637c6e0681"
        },
        {
          "type": "image",
          "assetId": "yZXEFRMLU2Sx",
          "checksum": "d180ab6bfed6e709e16306c2ba5eb456"
        },
        {
          "type": "image",
          "assetId": "rntWVvQv2r2D",
          "checksum": "45afd433c8ef84e2469d5255c81edc48"
        },
        {
          "type": "image",
          "assetId": "vgieYKFJdmGy",
          "checksum": "186adb10348e04b15f37422eec7fd854"
        },
        {
          "type": "image",
          "assetId": "i_He_0aHNv4x",
          "checksum": "f37f62cac3737b5e27505b63721ba667"
        },
        {
          "type": "image",
          "assetId": "79sHoW63czHc",
          "checksum": "4e2ca4bee1af0787578a8403fe28f733"
        },
        {
          "type": "image",
          "assetId": "QKWxxzgS1AxH",
          "checksum": "7bb9f0d88b0c1e8682eb2ba7538abd8c"
        },
        {
          "type": "image",
          "assetId": "eBO8KcziFZ9b",
          "checksum": "d8a70f7714538c8ec6f072c58bad84e9"
        },
        {
          "type": "image",
          "assetId": "w_31WirCVkqi",
          "checksum": "484ce2606162c6d5f503c28db5005802"
        },
        {
          "type": "image",
          "assetId": "npICYwxyQFlT",
          "checksum": "e2e6ebd576892d3f64777b02783cec80"
        },
        {
          "type": "image",
          "assetId": "RMFEcqfWgy0u",
          "checksum": "bbc10fa53e58194df99362e2d6adf541"
        },
        {
          "type": "image",
          "assetId": "kzAj1KP2gNIl",
          "checksum": "123ed693f277d4e07a342e6312377831"
        },
        {
          "type": "image",
          "assetId": "AamK9IdGt6mw",
          "checksum": "dd6700ee981a813ea8528b314791d35a"
        },
        {
          "type": "image",
          "assetId": "gnmeDJvJai4c",
          "checksum": "7e5ddaf4695a9a635df0f547bc2ce69e"
        },
        {
          "type": "image",
          "assetId": "k0dOkOV6tvps",
          "checksum": "55f9073dd4f92ba060a25fe529479128"
        },
        {
          "type": "image",
          "assetId": "oKZ6yu8GQuPK",
          "checksum": "63a5fef4030978fd6ab1c6b3f6b9b83f"
        },
        {
          "type": "image",
          "assetId": "P9PrQU-gFP2B",
          "checksum": "7f1b886e109c30259c5cf470ea3c5c62"
        },
        {
          "type": "image",
          "assetId": "3aJ5DtGF0Ymu",
          "checksum": "2ef309aa47100e17e792065cb8336495"
        },
        {
          "type": "image",
          "assetId": "RW_d7GP4jJp2",
          "checksum": "8fe99a20c1622d1d0e61e0f837d1b515"
        },
        {
          "type": "image",
          "assetId": "5ISCPBv09p1T",
          "checksum": "601f3f593ae6e6fef970be4ef513bd57"
        },
        {
          "type": "image",
          "assetId": "lJxejwo1H6Kv",
          "checksum": "03d2fca47872b1fbd4408a25e0a75caa"
        },
        {
          "type": "image",
          "assetId": "wLODPVSKaE4T",
          "checksum": "5cee8e44dba83eff89aaf6ceae5e979e"
        },
        {
          "type": "image",
          "assetId": "xhJoqbr88Wpt",
          "checksum": "dc2622c5dac52127ef45ab21dda5fde9"
        },
        {
          "type": "image",
          "assetId": "-tIClgYBCYTr",
          "checksum": "282c97e67c8e263f3cc8354622cf33d4"
        },
        {
          "type": "image",
          "assetId": "M3L_iNkDzFv7",
          "checksum": "45c5622f656087956b1288e3c049a2f9"
        },
        {
          "type": "image",
          "assetId": "kfPlJWtGjLXR",
          "checksum": "7a03922010ad821e7ac0f2ee9d715457"
        },
        {
          "type": "image",
          "assetId": "uzKcpJCk7wBl",
          "checksum": "ffba28fce370646f31127db95375045e"
        },
        {
          "type": "image",
          "assetId": "VtORUmpW_CkS",
          "checksum": "592ddb8c9b0becbdcb5e268a27fcb575"
        },
        {
          "type": "image",
          "assetId": "fQ9mOvCy6Z0o",
          "checksum": "698bcea4990f8e5cd7aaab102c86c7ea"
        },
        {
          "type": "image",
          "assetId": "eicBQut0QFph",
          "checksum": "32f72e5cb9f7daa0cf58596a506f6bbb"
        },
        {
          "type": "image",
          "assetId": "UHrgpCPAf-Yh",
          "checksum": "e219aa8188e267a06ccb9aa1aa3a75f5"
        },
        {
          "type": "image",
          "assetId": "MX0U3LtATKak",
          "checksum": "384999481f072b117d1efb4dbc66687a"
        },
        {
          "type": "image",
          "assetId": "-xwBf0G8zWtX",
          "checksum": "5003e4d8301e2ce1c935591e39c97c8a"
        },
        {
          "assetId": "3bppekKz3g8uzqqJ2xtrKs",
          "type": "projectCss",
          "checksum": "f9170b7e0d9531287d5470a9451b1693"
        }
      ],
      "codegenVersion": "0.0.1"
    }
  ],
  "cliVersion": "0.1.335"
}
